PODS:
  - Apollo (1.21.0):
    - Apollo/Core (= 1.21.0)
  - Apollo/Core (1.21.0)
  - Told (2.1.0):
    - Apollo (~> 1.21.0)

DEPENDENCIES:
  - Told (from `../`)

SPEC REPOS:
  trunk:
    - Apollo

EXTERNAL SOURCES:
  Told:
    :path: "../"

SPEC CHECKSUMS:
  Apollo: d05ea62599e8700dc05f47477986996a8a38786a
  Told: 79dd19c073403a43fad2984956c15de33dba7523

PODFILE CHECKSUM: 4b50dcb2643347d863d77dee05b9a53dd2c2aeaf

COCOAPODS: 1.16.2
