PODS:
  - Apollo (1.15.3):
    - Apollo/Core (= 1.15.3)
  - Apollo/Core (1.15.3)
  - Told (2.0.0):
    - Apollo (~> 1.15.3)

DEPENDENCIES:
  - Told (from `../`)

SPEC REPOS:
  trunk:
    - Apollo

EXTERNAL SOURCES:
  Told:
    :path: "../"

SPEC CHECKSUMS:
  Apollo: a1e120e7ca2c8592056bd39e8032e2e3fed601a6
  Told: 727938995dd789819b252f08d005b6376d14209f

PODFILE CHECKSUM: f5ba48ef0feaf637745fe9015183469fd761b474

COCOAPODS: 1.16.2
